
Microsoft Visual Studio Solution File, Format Version 12.00
# Visual Studio 15
VisualStudioVersion = 15.0.28307.168
MinimumVisualStudioVersion = 10.0.40219.1
Project("{FAE04EC0-301F-11D3-BF4B-00C04F79EFBC}") = "GostCryptography", "Source\GostCryptography\GostCryptography.csproj", "{1520A79F-03EB-4290-AA4A-027806890A9D}"
EndProject
Project("{FAE04EC0-301F-11D3-BF4B-00C04F79EFBC}") = "GostCryptography.Tests", "Source\GostCryptography.Tests\GostCryptography.Tests.csproj", "{8B8700FF-449A-4801-8668-C620D1A9561E}"
EndProject
Project("{2150E333-8FDC-42A3-9474-1A3956D46DE8}") = "Build", "Build", "{BE8FFE01-6BE7-49B3-87C7-22C4C8E12D61}"
	ProjectSection(SolutionItems) = preProject
		Build\Build.bat = Build\Build.bat
		Build\GostCryptography.nuspec = Build\GostCryptography.nuspec
	EndProjectSection
EndProject
Project("{9A19103F-16F7-4668-BE54-9A1E7A4F7556}") = "GostCryptographyCore", "Source\GostCryptographyCore\GostCryptographyCore.csproj", "{E16912F0-5688-4F65-8B02-01CC2B5033CC}"
EndProject
Project("{FAE04EC0-301F-11D3-BF4B-00C04F79EFBC}") = "GostCryptographyCore.Tests", "Source\GostCryptographyCore.Tests\GostCryptographyCore.Tests.csproj", "{0E906FB5-3056-4893-B030-63D9CA073680}"
EndProject
Global
	GlobalSection(SolutionConfigurationPlatforms) = preSolution
		Debug|Any CPU = Debug|Any CPU
		Release|Any CPU = Release|Any CPU
	EndGlobalSection
	GlobalSection(ProjectConfigurationPlatforms) = postSolution
		{1520A79F-03EB-4290-AA4A-027806890A9D}.Debug|Any CPU.ActiveCfg = Debug|Any CPU
		{1520A79F-03EB-4290-AA4A-027806890A9D}.Debug|Any CPU.Build.0 = Debug|Any CPU
		{1520A79F-03EB-4290-AA4A-027806890A9D}.Release|Any CPU.ActiveCfg = Release|Any CPU
		{1520A79F-03EB-4290-AA4A-027806890A9D}.Release|Any CPU.Build.0 = Release|Any CPU
		{8B8700FF-449A-4801-8668-C620D1A9561E}.Debug|Any CPU.ActiveCfg = Debug|Any CPU
		{8B8700FF-449A-4801-8668-C620D1A9561E}.Debug|Any CPU.Build.0 = Debug|Any CPU
		{8B8700FF-449A-4801-8668-C620D1A9561E}.Release|Any CPU.ActiveCfg = Release|Any CPU
		{8B8700FF-449A-4801-8668-C620D1A9561E}.Release|Any CPU.Build.0 = Release|Any CPU
		{E16912F0-5688-4F65-8B02-01CC2B5033CC}.Debug|Any CPU.ActiveCfg = Debug|Any CPU
		{E16912F0-5688-4F65-8B02-01CC2B5033CC}.Debug|Any CPU.Build.0 = Debug|Any CPU
		{E16912F0-5688-4F65-8B02-01CC2B5033CC}.Release|Any CPU.ActiveCfg = Release|Any CPU
		{E16912F0-5688-4F65-8B02-01CC2B5033CC}.Release|Any CPU.Build.0 = Release|Any CPU
		{0E906FB5-3056-4893-B030-63D9CA073680}.Debug|Any CPU.ActiveCfg = Debug|Any CPU
		{0E906FB5-3056-4893-B030-63D9CA073680}.Debug|Any CPU.Build.0 = Debug|Any CPU
		{0E906FB5-3056-4893-B030-63D9CA073680}.Release|Any CPU.ActiveCfg = Release|Any CPU
		{0E906FB5-3056-4893-B030-63D9CA073680}.Release|Any CPU.Build.0 = Release|Any CPU
	EndGlobalSection
	GlobalSection(SolutionProperties) = preSolution
		HideSolutionNode = FALSE
	EndGlobalSection
	GlobalSection(ExtensibilityGlobals) = postSolution
		SolutionGuid = {FE26B3FE-AA42-41B9-A50B-36923DBB69AC}
	EndGlobalSection
EndGlobal
